// !$*UTF8*$!
{
	archiveVersion = 1;
	classes = {
	};
	objectVersion = 46;
	objects = {

/* Begin PBXBuildFile section */
		D93DD9CF18FE03F2005652C6 /* Foundation.framework in Frameworks */ = {isa = PBXBuildFile; fileRef = D93DD9CE18FE03F2005652C6 /* Foundation.framework */; };
		D93DD9D118FE03F2005652C6 /* CoreGraphics.framework in Frameworks */ = {isa = PBXBuildFile; fileRef = D93DD9D018FE03F2005652C6 /* CoreGraphics.framework */; };
		D93DD9D318FE03F2005652C6 /* UIKit.framework in Frameworks */ = {isa = PBXBuildFile; fileRef = D93DD9D218FE03F2005652C6 /* UIKit.framework */; };
		D93DD9D918FE03F2005652C6 /* InfoPlist.strings in Resources */ = {isa = PBXBuildFile; fileRef = D93DD9D718FE03F2005652C6 /* InfoPlist.strings */; };
		D93DD9DB18FE03F2005652C6 /* main.m in Sources */ = {isa = PBXBuildFile; fileRef = D93DD9DA18FE03F2005652C6 /* main.m */; };
		D93DD9DF18FE03F2005652C6 /* AppDelegate.m in Sources */ = {isa = PBXBuildFile; fileRef = D93DD9DE18FE03F2005652C6 /* AppDelegate.m */; };
		D93DD9E218FE03F2005652C6 /* Main.storyboard in Resources */ = {isa = PBXBuildFile; fileRef = D93DD9E018FE03F2005652C6 /* Main.storyboard */; };
		D93DD9E518FE03F2005652C6 /* ViewController.m in Sources */ = {isa = PBXBuildFile; fileRef = D93DD9E418FE03F2005652C6 /* ViewController.m */; };
		D93DD9E718FE03F2005652C6 /* Images.xcassets in Resources */ = {isa = PBXBuildFile; fileRef = D93DD9E618FE03F2005652C6 /* Images.xcassets */; };
		D93DD9EE18FE03F3005652C6 /* XCTest.framework in Frameworks */ = {isa = PBXBuildFile; fileRef = D93DD9ED18FE03F3005652C6 /* XCTest.framework */; };
		D93DD9EF18FE03F3005652C6 /* Foundation.framework in Frameworks */ = {isa = PBXBuildFile; fileRef = D93DD9CE18FE03F2005652C6 /* Foundation.framework */; };
		D93DD9F018FE03F3005652C6 /* UIKit.framework in Frameworks */ = {isa = PBXBuildFile; fileRef = D93DD9D218FE03F2005652C6 /* UIKit.framework */; };
		D93DD9F818FE03F3005652C6 /* InfoPlist.strings in Resources */ = {isa = PBXBuildFile; fileRef = D93DD9F618FE03F3005652C6 /* InfoPlist.strings */; };
		D93DD9FA18FE03F3005652C6 /* ViewExtensionSampleTests.m in Sources */ = {isa = PBXBuildFile; fileRef = D93DD9F918FE03F3005652C6 /* ViewExtensionSampleTests.m */; };
/* End PBXBuildFile section */

/* Begin PBXContainerItemProxy section */
		D93DD9F118FE03F3005652C6 /* PBXContainerItemProxy */ = {
			isa = PBXContainerItemProxy;
			containerPortal = D93DD9C318FE03F2005652C6 /* Project object */;
			proxyType = 1;
			remoteGlobalIDString = D93DD9CA18FE03F2005652C6;
			remoteInfo = ViewExtensionSample;
		};
/* End PBXContainerItemProxy section */

/* Begin PBXFileReference section */
		D93DD9CB18FE03F2005652C6 /* ViewExtensionSample.app */ = {isa = PBXFileReference; explicitFileType = wrapper.application; includeInIndex = 0; path = ViewExtensionSample.app; sourceTree = BUILT_PRODUCTS_DIR; };
		D93DD9CE18FE03F2005652C6 /* Foundation.framework */ = {isa = PBXFileReference; lastKnownFileType = wrapper.framework; name = Foundation.framework; path = System/Library/Frameworks/Foundation.framework; sourceTree = SDKROOT; };
		D93DD9D018FE03F2005652C6 /* CoreGraphics.framework */ = {isa = PBXFileReference; lastKnownFileType = wrapper.framework; name = CoreGraphics.framework; path = System/Library/Frameworks/CoreGraphics.framework; sourceTree = SDKROOT; };
		D93DD9D218FE03F2005652C6 /* UIKit.framework */ = {isa = PBXFileReference; lastKnownFileType = wrapper.framework; name = UIKit.framework; path = System/Library/Frameworks/UIKit.framework; sourceTree = SDKROOT; };
		D93DD9D618FE03F2005652C6 /* ViewExtensionSample-Info.plist */ = {isa = PBXFileReference; lastKnownFileType = text.plist.xml; path = "ViewExtensionSample-Info.plist"; sourceTree = "<group>"; };
		D93DD9D818FE03F2005652C6 /* en */ = {isa = PBXFileReference; lastKnownFileType = text.plist.strings; name = en; path = en.lproj/InfoPlist.strings; sourceTree = "<group>"; };
		D93DD9DA18FE03F2005652C6 /* main.m */ = {isa = PBXFileReference; lastKnownFileType = sourcecode.c.objc; path = main.m; sourceTree = "<group>"; };
		D93DD9DC18FE03F2005652C6 /* ViewExtensionSample-Prefix.pch */ = {isa = PBXFileReference; lastKnownFileType = sourcecode.c.h; path = "ViewExtensionSample-Prefix.pch"; sourceTree = "<group>"; };
		D93DD9DD18FE03F2005652C6 /* AppDelegate.h */ = {isa = PBXFileReference; lastKnownFileType = sourcecode.c.h; path = AppDelegate.h; sourceTree = "<group>"; };
		D93DD9DE18FE03F2005652C6 /* AppDelegate.m */ = {isa = PBXFileReference; lastKnownFileType = sourcecode.c.objc; path = AppDelegate.m; sourceTree = "<group>"; };
		D93DD9E118FE03F2005652C6 /* Base */ = {isa = PBXFileReference; lastKnownFileType = file.storyboard; name = Base; path = Base.lproj/Main.storyboard; sourceTree = "<group>"; };
		D93DD9E318FE03F2005652C6 /* ViewController.h */ = {isa = PBXFileReference; lastKnownFileType = sourcecode.c.h; path = ViewController.h; sourceTree = "<group>"; };
		D93DD9E418FE03F2005652C6 /* ViewController.m */ = {isa = PBXFileReference; lastKnownFileType = sourcecode.c.objc; path = ViewController.m; sourceTree = "<group>"; };
		D93DD9E618FE03F2005652C6 /* Images.xcassets */ = {isa = PBXFileReference; lastKnownFileType = folder.assetcatalog; path = Images.xcassets; sourceTree = "<group>"; };
		D93DD9EC18FE03F3005652C6 /* ViewExtensionSampleTests.xctest */ = {isa = PBXFileReference; explicitFileType = wrapper.cfbundle; includeInIndex = 0; path = ViewExtensionSampleTests.xctest; sourceTree = BUILT_PRODUCTS_DIR; };
		D93DD9ED18FE03F3005652C6 /* XCTest.framework */ = {isa = PBXFileReference; lastKnownFileType = wrapper.framework; name = XCTest.framework; path = Library/Frameworks/XCTest.framework; sourceTree = DEVELOPER_DIR; };
		D93DD9F518FE03F3005652C6 /* ViewExtensionSampleTests-Info.plist */ = {isa = PBXFileReference; lastKnownFileType = text.plist.xml; path = "ViewExtensionSampleTests-Info.plist"; sourceTree = "<group>"; };
		D93DD9F718FE03F3005652C6 /* en */ = {isa = PBXFileReference; lastKnownFileType = text.plist.strings; name = en; path = en.lproj/InfoPlist.strings; sourceTree = "<group>"; };
		D93DD9F918FE03F3005652C6 /* ViewExtensionSampleTests.m */ = {isa = PBXFileReference; lastKnownFileType = sourcecode.c.objc; path = ViewExtensionSampleTests.m; sourceTree = "<group>"; };
/* End PBXFileReference section */

/* Begin PBXFrameworksBuildPhase section */
		D93DD9C818FE03F2005652C6 /* Frameworks */ = {
			isa = PBXFrameworksBuildPhase;
			buildActionMask = 2147483647;
			files = (
				D93DD9D118FE03F2005652C6 /* CoreGraphics.framework in Frameworks */,
				D93DD9D318FE03F2005652C6 /* UIKit.framework in Frameworks */,
				D93DD9CF18FE03F2005652C6 /* Foundation.framework in Frameworks */,
			);
			runOnlyForDeploymentPostprocessing = 0;
		};
		D93DD9E918FE03F3005652C6 /* Frameworks */ = {
			isa = PBXFrameworksBuildPhase;
			buildActionMask = 2147483647;
			files = (
				D93DD9EE18FE03F3005652C6 /* XCTest.framework in Frameworks */,
				D93DD9F018FE03F3005652C6 /* UIKit.framework in Frameworks */,
				D93DD9EF18FE03F3005652C6 /* Foundation.framework in Frameworks */,
			);
			runOnlyForDeploymentPostprocessing = 0;
		};
/* End PBXFrameworksBuildPhase section */

/* Begin PBXGroup section */
		D93DD9C218FE03F2005652C6 = {
			isa = PBXGroup;
			children = (
				D93DD9D418FE03F2005652C6 /* ViewExtensionSample */,
				D93DD9F318FE03F3005652C6 /* ViewExtensionSampleTests */,
				D93DD9CD18FE03F2005652C6 /* Frameworks */,
				D93DD9CC18FE03F2005652C6 /* Products */,
			);
			sourceTree = "<group>";
		};
		D93DD9CC18FE03F2005652C6 /* Products */ = {
			isa = PBXGroup;
			children = (
				D93DD9CB18FE03F2005652C6 /* ViewExtensionSample.app */,
				D93DD9EC18FE03F3005652C6 /* ViewExtensionSampleTests.xctest */,
			);
			name = Products;
			sourceTree = "<group>";
		};
		D93DD9CD18FE03F2005652C6 /* Frameworks */ = {
			isa = PBXGroup;
			children = (
				D93DD9CE18FE03F2005652C6 /* Foundation.framework */,
				D93DD9D018FE03F2005652C6 /* CoreGraphics.framework */,
				D93DD9D218FE03F2005652C6 /* UIKit.framework */,
				D93DD9ED18FE03F3005652C6 /* XCTest.framework */,
			);
			name = Frameworks;
			sourceTree = "<group>";
		};
		D93DD9D418FE03F2005652C6 /* ViewExtensionSample */ = {
			isa = PBXGroup;
			children = (
				D93DD9DD18FE03F2005652C6 /* AppDelegate.h */,
				D93DD9DE18FE03F2005652C6 /* AppDelegate.m */,
				D93DD9E018FE03F2005652C6 /* Main.storyboard */,
				D93DD9E318FE03F2005652C6 /* ViewController.h */,
				D93DD9E418FE03F2005652C6 /* ViewController.m */,
				D93DD9E618FE03F2005652C6 /* Images.xcassets */,
				D93DD9D518FE03F2005652C6 /* Supporting Files */,
			);
			path = ViewExtensionSample;
			sourceTree = "<group>";
		};
		D93DD9D518FE03F2005652C6 /* Supporting Files */ = {
			isa = PBXGroup;
			children = (
				D93DD9D618FE03F2005652C6 /* ViewExtensionSample-Info.plist */,
				D93DD9D718FE03F2005652C6 /* InfoPlist.strings */,
				D93DD9DA18FE03F2005652C6 /* main.m */,
				D93DD9DC18FE03F2005652C6 /* ViewExtensionSample-Prefix.pch */,
			);
			name = "Supporting Files";
			sourceTree = "<group>";
		};
		D93DD9F318FE03F3005652C6 /* ViewExtensionSampleTests */ = {
			isa = PBXGroup;
			children = (
				D93DD9F918FE03F3005652C6 /* ViewExtensionSampleTests.m */,
				D93DD9F418FE03F3005652C6 /* Supporting Files */,
			);
			path = ViewExtensionSampleTests;
			sourceTree = "<group>";
		};
		D93DD9F418FE03F3005652C6 /* Supporting Files */ = {
			isa = PBXGroup;
			children = (
				D93DD9F518FE03F3005652C6 /* ViewExtensionSampleTests-Info.plist */,
				D93DD9F618FE03F3005652C6 /* InfoPlist.strings */,
			);
			name = "Supporting Files";
			sourceTree = "<group>";
		};
/* End PBXGroup section */

/* Begin PBXNativeTarget section */
		D93DD9CA18FE03F2005652C6 /* ViewExtensionSample */ = {
			isa = PBXNativeTarget;
			buildConfigurationList = D93DD9FD18FE03F3005652C6 /* Build configuration list for PBXNativeTarget "ViewExtensionSample" */;
			buildPhases = (
				D93DD9C718FE03F2005652C6 /* Sources */,
				D93DD9C818FE03F2005652C6 /* Frameworks */,
				D93DD9C918FE03F2005652C6 /* Resources */,
			);
			buildRules = (
			);
			dependencies = (
			);
			name = ViewExtensionSample;
			productName = ViewExtensionSample;
			productReference = D93DD9CB18FE03F2005652C6 /* ViewExtensionSample.app */;
			productType = "com.apple.product-type.application";
		};
		D93DD9EB18FE03F3005652C6 /* ViewExtensionSampleTests */ = {
			isa = PBXNativeTarget;
			buildConfigurationList = D93DDA0018FE03F3005652C6 /* Build configuration list for PBXNativeTarget "ViewExtensionSampleTests" */;
			buildPhases = (
				D93DD9E818FE03F3005652C6 /* Sources */,
				D93DD9E918FE03F3005652C6 /* Frameworks */,
				D93DD9EA18FE03F3005652C6 /* Resources */,
			);
			buildRules = (
			);
			dependencies = (
				D93DD9F218FE03F3005652C6 /* PBXTargetDependency */,
			);
			name = ViewExtensionSampleTests;
			productName = ViewExtensionSampleTests;
			productReference = D93DD9EC18FE03F3005652C6 /* ViewExtensionSampleTests.xctest */;
			productType = "com.apple.product-type.bundle.unit-test";
		};
/* End PBXNativeTarget section */

/* Begin PBXProject section */
		D93DD9C318FE03F2005652C6 /* Project object */ = {
			isa = PBXProject;
			attributes = {
				LastUpgradeCheck = 0510;
				ORGANIZATIONNAME = "Yahoo! JAPAN";
				TargetAttributes = {
					D93DD9EB18FE03F3005652C6 = {
						TestTargetID = D93DD9CA18FE03F2005652C6;
					};
				};
			};
			buildConfigurationList = D93DD9C618FE03F2005652C6 /* Build configuration list for PBXProject "ViewExtensionSample" */;
			compatibilityVersion = "Xcode 3.2";
			developmentRegion = English;
			hasScannedForEncodings = 0;
			knownRegions = (
				en,
				Base,
			);
			mainGroup = D93DD9C218FE03F2005652C6;
			productRefGroup = D93DD9CC18FE03F2005652C6 /* Products */;
			projectDirPath = "";
			projectRoot = "";
			targets = (
				D93DD9CA18FE03F2005652C6 /* ViewExtensionSample */,
				D93DD9EB18FE03F3005652C6 /* ViewExtensionSampleTests */,
			);
		};
/* End PBXProject section */

/* Begin PBXResourcesBuildPhase section */
		D93DD9C918FE03F2005652C6 /* Resources */ = {
			isa = PBXResourcesBuildPhase;
			buildActionMask = 2147483647;
			files = (
				D93DD9E718FE03F2005652C6 /* Images.xcassets in Resources */,
				D93DD9D918FE03F2005652C6 /* InfoPlist.strings in Resources */,
				D93DD9E218FE03F2005652C6 /* Main.storyboard in Resources */,
			);
			runOnlyForDeploymentPostprocessing = 0;
		};
		D93DD9EA18FE03F3005652C6 /* Resources */ = {
			isa = PBXResourcesBuildPhase;
			buildActionMask = 2147483647;
			files = (
				D93DD9F818FE03F3005652C6 /* InfoPlist.strings in Resources */,
			);
			runOnlyForDeploymentPostprocessing = 0;
		};
/* End PBXResourcesBuildPhase section */

/* Begin PBXSourcesBuildPhase section */
		D93DD9C718FE03F2005652C6 /* Sources */ = {
			isa = PBXSourcesBuildPhase;
			buildActionMask = 2147483647;
			files = (
				D93DD9E518FE03F2005652C6 /* ViewController.m in Sources */,
				D93DD9DF18FE03F2005652C6 /* AppDelegate.m in Sources */,
				D93DD9DB18FE03F2005652C6 /* main.m in Sources */,
			);
			runOnlyForDeploymentPostprocessing = 0;
		};
		D93DD9E818FE03F3005652C6 /* Sources */ = {
			isa = PBXSourcesBuildPhase;
			buildActionMask = 2147483647;
			files = (
				D93DD9FA18FE03F3005652C6 /* ViewExtensionSampleTests.m in Sources */,
			);
			runOnlyForDeploymentPostprocessing = 0;
		};
/* End PBXSourcesBuildPhase section */

/* Begin PBXTargetDependency section */
		D93DD9F218FE03F3005652C6 /* PBXTargetDependency */ = {
			isa = PBXTargetDependency;
			target = D93DD9CA18FE03F2005652C6 /* ViewExtensionSample */;
			targetProxy = D93DD9F118FE03F3005652C6 /* PBXContainerItemProxy */;
		};
/* End PBXTargetDependency section */

/* Begin PBXVariantGroup section */
		D93DD9D718FE03F2005652C6 /* InfoPlist.strings */ = {
			isa = PBXVariantGroup;
			children = (
				D93DD9D818FE03F2005652C6 /* en */,
			);
			name = InfoPlist.strings;
			sourceTree = "<group>";
		};
		D93DD9E018FE03F2005652C6 /* Main.storyboard */ = {
			isa = PBXVariantGroup;
			children = (
				D93DD9E118FE03F2005652C6 /* Base */,
			);
			name = Main.storyboard;
			sourceTree = "<group>";
		};
		D93DD9F618FE03F3005652C6 /* InfoPlist.strings */ = {
			isa = PBXVariantGroup;
			children = (
				D93DD9F718FE03F3005652C6 /* en */,
			);
			name = InfoPlist.strings;
			sourceTree = "<group>";
		};
/* End PBXVariantGroup section */

/* Begin XCBuildConfiguration section */
		D93DD9FB18FE03F3005652C6 /* Debug */ = {
			isa = XCBuildConfiguration;
			buildSettings = {
				ALWAYS_SEARCH_USER_PATHS = NO;
				CLANG_CXX_LANGUAGE_STANDARD = "gnu++0x";
				CLANG_CXX_LIBRARY = "libc++";
				CLANG_ENABLE_MODULES = YES;
				CLANG_ENABLE_OBJC_ARC = YES;
				CLANG_WARN_BOOL_CONVERSION = YES;
				CLANG_WARN_CONSTANT_CONVERSION = YES;
				CLANG_WARN_DIRECT_OBJC_ISA_USAGE = YES_ERROR;
				CLANG_WARN_EMPTY_BODY = YES;
				CLANG_WARN_ENUM_CONVERSION = YES;
				CLANG_WARN_INT_CONVERSION = YES;
				CLANG_WARN_OBJC_ROOT_CLASS = YES_ERROR;
				CLANG_WARN__DUPLICATE_METHOD_MATCH = YES;
				"CODE_SIGN_IDENTITY[sdk=iphoneos*]" = "iPhone Developer";
				COPY_PHASE_STRIP = NO;
				GCC_C_LANGUAGE_STANDARD = gnu99;
				GCC_DYNAMIC_NO_PIC = NO;
				GCC_OPTIMIZATION_LEVEL = 0;
				GCC_PREPROCESSOR_DEFINITIONS = (
					"DEBUG=1",
					"$(inherited)",
				);
				GCC_SYMBOLS_PRIVATE_EXTERN = NO;
				GCC_WARN_64_TO_32_BIT_CONVERSION = YES;
				GCC_WARN_ABOUT_RETURN_TYPE = YES_ERROR;
				GCC_WARN_UNDECLARED_SELECTOR = YES;
				GCC_WARN_UNINITIALIZED_AUTOS = YES_AGGRESSIVE;
				GCC_WARN_UNUSED_FUNCTION = YES;
				GCC_WARN_UNUSED_VARIABLE = YES;
				IPHONEOS_DEPLOYMENT_TARGET = 7.1;
				ONLY_ACTIVE_ARCH = YES;
				SDKROOT = iphoneos;
			};
			name = Debug;
		};
		D93DD9FC18FE03F3005652C6 /* Release */ = {
			isa = XCBuildConfiguration;
			buildSettings = {
				ALWAYS_SEARCH_USER_PATHS = NO;
				CLANG_CXX_LANGUAGE_STANDARD = "gnu++0x";
				CLANG_CXX_LIBRARY = "libc++";
				CLANG_ENABLE_MODULES = YES;
				CLANG_ENABLE_OBJC_ARC = YES;
				CLANG_WARN_BOOL_CONVERSION = YES;
				CLANG_WARN_CONSTANT_CONVERSION = YES;
				CLANG_WARN_DIRECT_OBJC_ISA_USAGE = YES_ERROR;
				CLANG_WARN_EMPTY_BODY = YES;
				CLANG_WARN_ENUM_CONVERSION = YES;
				CLANG_WARN_INT_CONVERSION = YES;
				CLANG_WARN_OBJC_ROOT_CLASS = YES_ERROR;
				CLANG_WARN__DUPLICATE_METHOD_MATCH = YES;
				"CODE_SIGN_IDENTITY[sdk=iphoneos*]" = "iPhone Developer";
				COPY_PHASE_STRIP = YES;
				ENABLE_NS_ASSERTIONS = NO;
				GCC_C_LANGUAGE_STANDARD = gnu99;
				GCC_WARN_64_TO_32_BIT_CONVERSION = YES;
				GCC_WARN_ABOUT_RETURN_TYPE = YES_ERROR;
				GCC_WARN_UNDECLARED_SELECTOR = YES;
				GCC_WARN_UNINITIALIZED_AUTOS = YES_AGGRESSIVE;
				GCC_WARN_UNUSED_FUNCTION = YES;
				GCC_WARN_UNUSED_VARIABLE = YES;
				IPHONEOS_DEPLOYMENT_TARGET = 7.1;
				SDKROOT = iphoneos;
				VALIDATE_PRODUCT = YES;
			};
			name = Release;
		};
		D93DD9FE18FE03F3005652C6 /* Debug */ = {
			isa = XCBuildConfiguration;
			buildSettings = {
				ASSETCATALOG_COMPILER_APPICON_NAME = AppIcon;
				ASSETCATALOG_COMPILER_LAUNCHIMAGE_NAME = LaunchImage;
				GCC_PRECOMPILE_PREFIX_HEADER = YES;
				GCC_PREFIX_HEADER = "ViewExtensionSample/ViewExtensionSample-Prefix.pch";
				INFOPLIST_FILE = "ViewExtensionSample/ViewExtensionSample-Info.plist";
				PRODUCT_NAME = "$(TARGET_NAME)";
				WRAPPER_EXTENSION = app;
			};
			name = Debug;
		};
		D93DD9FF18FE03F3005652C6 /* Release */ = {
			isa = XCBuildConfiguration;
			buildSettings = {
				ASSETCATALOG_COMPILER_APPICON_NAME = AppIcon;
				ASSETCATALOG_COMPILER_LAUNCHIMAGE_NAME = LaunchImage;
				GCC_PRECOMPILE_PREFIX_HEADER = YES;
				GCC_PREFIX_HEADER = "ViewExtensionSample/ViewExtensionSample-Prefix.pch";
				INFOPLIST_FILE = "ViewExtensionSample/ViewExtensionSample-Info.plist";
				PRODUCT_NAME = "$(TARGET_NAME)";
				WRAPPER_EXTENSION = app;
			};
			name = Release;
		};
		D93DDA0118FE03F3005652C6 /* Debug */ = {
			isa = XCBuildConfiguration;
			buildSettings = {
				BUNDLE_LOADER = "$(BUILT_PRODUCTS_DIR)/ViewExtensionSample.app/ViewExtensionSample";
				FRAMEWORK_SEARCH_PATHS = (
					"$(SDKROOT)/Developer/Library/Frameworks",
					"$(inherited)",
					"$(DEVELOPER_FRAMEWORKS_DIR)",
				);
				GCC_PRECOMPILE_PREFIX_HEADER = YES;
				GCC_PREFIX_HEADER = "ViewExtensionSample/ViewExtensionSample-Prefix.pch";
				GCC_PREPROCESSOR_DEFINITIONS = (
					"DEBUG=1",
					"$(inherited)",
				);
				INFOPLIST_FILE = "ViewExtensionSampleTests/ViewExtensionSampleTests-Info.plist";
				PRODUCT_NAME = "$(TARGET_NAME)";
				TEST_HOST = "$(BUNDLE_LOADER)";
				WRAPPER_EXTENSION = xctest;
			};
			name = Debug;
		};
		D93DDA0218FE03F3005652C6 /* Release */ = {
			isa = XCBuildConfiguration;
			buildSettings = {
				BUNDLE_LOADER = "$(BUILT_PRODUCTS_DIR)/ViewExtensionSample.app/ViewExtensionSample";
				FRAMEWORK_SEARCH_PATHS = (
					"$(SDKROOT)/Developer/Library/Frameworks",
					"$(inherited)",
					"$(DEVELOPER_FRAMEWORKS_DIR)",
				);
				GCC_PRECOMPILE_PREFIX_HEADER = YES;
				GCC_PREFIX_HEADER = "ViewExtensionSample/ViewExtensionSample-Prefix.pch";
				INFOPLIST_FILE = "ViewExtensionSampleTests/ViewExtensionSampleTests-Info.plist";
				PRODUCT_NAME = "$(TARGET_NAME)";
				TEST_HOST = "$(BUNDLE_LOADER)";
				WRAPPER_EXTENSION = xctest;
			};
			name = Release;
		};
/* End XCBuildConfiguration section */

/* Begin XCConfigurationList section */
		D93DD9C618FE03F2005652C6 /* Build configuration list for PBXProject "ViewExtensionSample" */ = {
			isa = XCConfigurationList;
			buildConfigurations = (
				D93DD9FB18FE03F3005652C6 /* Debug */,
				D93DD9FC18FE03F3005652C6 /* Release */,
			);
			defaultConfigurationIsVisible = 0;
			defaultConfigurationName = Release;
		};
		D93DD9FD18FE03F3005652C6 /* Build configuration list for PBXNativeTarget "ViewExtensionSample" */ = {
			isa = XCConfigurationList;
			buildConfigurations = (
				D93DD9FE18FE03F3005652C6 /* Debug */,
				D93DD9FF18FE03F3005652C6 /* Release */,
			);
			defaultConfigurationIsVisible = 0;
		};
		D93DDA0018FE03F3005652C6 /* Build configuration list for PBXNativeTarget "ViewExtensionSampleTests" */ = {
			isa = XCConfigurationList;
			buildConfigurations = (
				D93DDA0118FE03F3005652C6 /* Debug */,
				D93DDA0218FE03F3005652C6 /* Release */,
			);
			defaultConfigurationIsVisible = 0;
		};
/* End XCConfigurationList section */
	};
	rootObject = D93DD9C318FE03F2005652C6 /* Project object */;
}
